# This file is autogenerated, do not edit; changes may be undone by the next 'dep ensure'.


[[projects]]
  branch = "master"
  name = "github.com/skip2/go-qrcode"
  packages = [
    ".",
    "bitset",
    "reedsolomon"
  ]
  revision = "cf5f9fa2f0d847edb8e038db7ed975e239095e1a"

[solve-meta]
  analyzer-name = "dep"
  analyzer-version = 1
  inputs-digest = "6ea5887b40164274d944025bd24e8a66bb98821efad9c64ae7c8dec16b8860ed"
  solver-name = "gps-cdcl"
  solver-version = 1
